// !$*UTF8*$!
{
	archiveVersion = 1;
	classes = {
	};
	objectVersion = 56;
	objects = {

/* Begin PBXBuildFile section */
		291D371029A5219B00577E78 /* EventsViewController.swift in Sources */ = {isa = PBXBuildFile; fileRef = 291D370F29A5219B00577E78 /* EventsViewController.swift */; };
		29257A2B29A10D6D00FD5C3A /* Assets.xcassets in Resources */ = {isa = PBXBuildFile; fileRef = 29257A2A29A10D6D00FD5C3A /* Assets.xcassets */; };
		297E713C299FABF00053E32E /* AppDelegate.swift in Sources */ = {isa = PBXBuildFile; fileRef = 297E713B299FABF00053E32E /* AppDelegate.swift */; };
		297E713E299FABF00053E32E /* SceneDelegate.swift in Sources */ = {isa = PBXBuildFile; fileRef = 297E713D299FABF00053E32E /* SceneDelegate.swift */; };
		297E7140299FABF00053E32E /* WelcomeViewController.swift in Sources */ = {isa = PBXBuildFile; fileRef = 297E713F299FABF00053E32E /* WelcomeViewController.swift */; };
		297E7143299FABF00053E32E /* Main.storyboard in Resources */ = {isa = PBXBuildFile; fileRef = 297E7141299FABF00053E32E /* Main.storyboard */; };
		297E7148299FABF10053E32E /* LaunchScreen.storyboard in Resources */ = {isa = PBXBuildFile; fileRef = 297E7146299FABF10053E32E /* LaunchScreen.storyboard */; };
		297E7150299FAD800053E32E /* GoogleService-Info.plist in Resources */ = {isa = PBXBuildFile; fileRef = 297E714F299FAD800053E32E /* GoogleService-Info.plist */; };
/* End PBXBuildFile section */

/* Begin PBXFileReference section */
		291D370F29A5219B00577E78 /* EventsViewController.swift */ = {isa = PBXFileReference; lastKnownFileType = sourcecode.swift; path = EventsViewController.swift; sourceTree = "<group>"; };
		29257A2A29A10D6D00FD5C3A /* Assets.xcassets */ = {isa = PBXFileReference; lastKnownFileType = folder.assetcatalog; path = Assets.xcassets; sourceTree = "<group>"; };
		297E7138299FABF00053E32E /* DzienWydzialu-iOS.app */ = {isa = PBXFileReference; explicitFileType = wrapper.application; includeInIndex = 0; path = "DzienWydzialu-iOS.app"; sourceTree = BUILT_PRODUCTS_DIR; };
		297E713B299FABF00053E32E /* AppDelegate.swift */ = {isa = PBXFileReference; lastKnownFileType = sourcecode.swift; path = AppDelegate.swift; sourceTree = "<group>"; };
		297E713D299FABF00053E32E /* SceneDelegate.swift */ = {isa = PBXFileReference; lastKnownFileType = sourcecode.swift; path = SceneDelegate.swift; sourceTree = "<group>"; };
		297E713F299FABF00053E32E /* WelcomeViewController.swift */ = {isa = PBXFileReference; lastKnownFileType = sourcecode.swift; path = WelcomeViewController.swift; sourceTree = "<group>"; };
		297E7142299FABF00053E32E /* Base */ = {isa = PBXFileReference; lastKnownFileType = file.storyboard; name = Base; path = Base.lproj/Main.storyboard; sourceTree = "<group>"; };
		297E7147299FABF10053E32E /* Base */ = {isa = PBXFileReference; lastKnownFileType = file.storyboard; name = Base; path = Base.lproj/LaunchScreen.storyboard; sourceTree = "<group>"; };
		297E7149299FABF10053E32E /* Info.plist */ = {isa = PBXFileReference; lastKnownFileType = text.plist.xml; path = Info.plist; sourceTree = "<group>"; };
		297E714F299FAD800053E32E /* GoogleService-Info.plist */ = {isa = PBXFileReference; fileEncoding = 4; lastKnownFileType = text.plist.xml; path = "GoogleService-Info.plist"; sourceTree = "<group>"; };
/* End PBXFileReference section */

/* Begin PBXFrameworksBuildPhase section */
		297E7135299FABF00053E32E /* Frameworks */ = {
			isa = PBXFrameworksBuildPhase;
			buildActionMask = 2147483647;
			files = (
			);
			runOnlyForDeploymentPostprocessing = 0;
		};
/* End PBXFrameworksBuildPhase section */

/* Begin PBXGroup section */
		29257A2629A103A700FD5C3A /* Model */ = {
			isa = PBXGroup;
			children = (
			);
			path = Model;
			sourceTree = "<group>";
		};
		29257A2729A103AF00FD5C3A /* View */ = {
			isa = PBXGroup;
			children = (
				297E7141299FABF00053E32E /* Main.storyboard */,
			);
			path = View;
			sourceTree = "<group>";
		};
		29257A2829A103B600FD5C3A /* Controller */ = {
			isa = PBXGroup;
			children = (
				297E713F299FABF00053E32E /* WelcomeViewController.swift */,
				291D370F29A5219B00577E78 /* EventsViewController.swift */,
			);
			path = Controller;
			sourceTree = "<group>";
		};
		29257A2929A1056B00FD5C3A /* Supporting files */ = {
			isa = PBXGroup;
			children = (
				297E7146299FABF10053E32E /* LaunchScreen.storyboard */,
				29257A2A29A10D6D00FD5C3A /* Assets.xcassets */,
			);
			path = "Supporting files";
			sourceTree = "<group>";
		};
		297E712F299FABF00053E32E = {
			isa = PBXGroup;
			children = (
				297E713A299FABF00053E32E /* DzienWydzialu-iOS */,
				297E7139299FABF00053E32E /* Products */,
			);
			sourceTree = "<group>";
		};
		297E7139299FABF00053E32E /* Products */ = {
			isa = PBXGroup;
			children = (
				297E7138299FABF00053E32E /* DzienWydzialu-iOS.app */,
			);
			name = Products;
			sourceTree = "<group>";
		};
		297E713A299FABF00053E32E /* DzienWydzialu-iOS */ = {
			isa = PBXGroup;
			children = (
				297E713B299FABF00053E32E /* AppDelegate.swift */,
				297E713D299FABF00053E32E /* SceneDelegate.swift */,
				29257A2829A103B600FD5C3A /* Controller */,
				29257A2729A103AF00FD5C3A /* View */,
				29257A2629A103A700FD5C3A /* Model */,
				29257A2929A1056B00FD5C3A /* Supporting files */,
				297E7149299FABF10053E32E /* Info.plist */,
				297E714F299FAD800053E32E /* GoogleService-Info.plist */,
			);
			path = "DzienWydzialu-iOS";
			sourceTree = "<group>";
		};
/* End PBXGroup section */

/* Begin PBXNativeTarget section */
		297E7137299FABF00053E32E /* DzienWydzialu-iOS */ = {
			isa = PBXNativeTarget;
			buildConfigurationList = 297E714C299FABF10053E32E /* Build configuration list for PBXNativeTarget "DzienWydzialu-iOS" */;
			buildPhases = (
				297E7134299FABF00053E32E /* Sources */,
				297E7135299FABF00053E32E /* Frameworks */,
				297E7136299FABF00053E32E /* Resources */,
			);
			buildRules = (
			);
			dependencies = (
			);
			name = "DzienWydzialu-iOS";
			productName = "DzienWydzialu-iOS";
			productReference = 297E7138299FABF00053E32E /* DzienWydzialu-iOS.app */;
			productType = "com.apple.product-type.application";
		};
/* End PBXNativeTarget section */

/* Begin PBXProject section */
		297E7130299FABF00053E32E /* Project object */ = {
			isa = PBXProject;
			attributes = {
				BuildIndependentTargetsInParallel = 1;
				LastSwiftUpdateCheck = 1420;
				LastUpgradeCheck = 1420;
				TargetAttributes = {
					297E7137299FABF00053E32E = {
						CreatedOnToolsVersion = 14.2;
					};
				};
			};
			buildConfigurationList = 297E7133299FABF00053E32E /* Build configuration list for PBXProject "DzienWydzialu-iOS" */;
			compatibilityVersion = "Xcode 14.0";
			developmentRegion = en;
			hasScannedForEncodings = 0;
			knownRegions = (
				en,
				Base,
			);
			mainGroup = 297E712F299FABF00053E32E;
			productRefGroup = 297E7139299FABF00053E32E /* Products */;
			projectDirPath = "";
			projectRoot = "";
			targets = (
				297E7137299FABF00053E32E /* DzienWydzialu-iOS */,
			);
		};
/* End PBXProject section */

/* Begin PBXResourcesBuildPhase section */
		297E7136299FABF00053E32E /* Resources */ = {
			isa = PBXResourcesBuildPhase;
			buildActionMask = 2147483647;
			files = (
				297E7148299FABF10053E32E /* LaunchScreen.storyboard in Resources */,
				297E7150299FAD800053E32E /* GoogleService-Info.plist in Resources */,
				29257A2B29A10D6D00FD5C3A /* Assets.xcassets in Resources */,
				297E7143299FABF00053E32E /* Main.storyboard in Resources */,
			);
			runOnlyForDeploymentPostprocessing = 0;
		};
/* End PBXResourcesBuildPhase section */

/* Begin PBXSourcesBuildPhase section */
		297E7134299FABF00053E32E /* Sources */ = {
			isa = PBXSourcesBuildPhase;
			buildActionMask = 2147483647;
			files = (
				297E7140299FABF00053E32E /* WelcomeViewController.swift in Sources */,
				291D371029A5219B00577E78 /* EventsViewController.swift in Sources */,
				297E713C299FABF00053E32E /* AppDelegate.swift in Sources */,
				297E713E299FABF00053E32E /* SceneDelegate.swift in Sources */,
			);
			runOnlyForDeploymentPostprocessing = 0;
		};
/* End PBXSourcesBuildPhase section */

/* Begin PBXVariantGroup section */
		297E7141299FABF00053E32E /* Main.storyboard */ = {
			isa = PBXVariantGroup;
			children = (
				297E7142299FABF00053E32E /* Base */,
			);
			name = Main.storyboard;
			sourceTree = "<group>";
		};
		297E7146299FABF10053E32E /* LaunchScreen.storyboard */ = {
			isa = PBXVariantGroup;
			children = (
				297E7147299FABF10053E32E /* Base */,
			);
			name = LaunchScreen.storyboard;
			sourceTree = "<group>";
		};
/* End PBXVariantGroup section */

/* Begin XCBuildConfiguration section */
		297E714A299FABF10053E32E /* Debug */ = {
			isa = XCBuildConfiguration;
			buildSettings = {
				ALWAYS_SEARCH_USER_PATHS = NO;
				CLANG_ANALYZER_NONNULL = YES;
				CLANG_ANALYZER_NUMBER_OBJECT_CONVERSION = YES_AGGRESSIVE;
				CLANG_CXX_LANGUAGE_STANDARD = "gnu++20";
				CLANG_ENABLE_MODULES = YES;
				CLANG_ENABLE_OBJC_ARC = YES;
				CLANG_ENABLE_OBJC_WEAK = YES;
				CLANG_WARN_BLOCK_CAPTURE_AUTORELEASING = YES;
				CLANG_WARN_BOOL_CONVERSION = YES;
				CLANG_WARN_COMMA = YES;
				CLANG_WARN_CONSTANT_CONVERSION = YES;
				CLANG_WARN_DEPRECATED_OBJC_IMPLEMENTATIONS = YES;
				CLANG_WARN_DIRECT_OBJC_ISA_USAGE = YES_ERROR;
				CLANG_WARN_DOCUMENTATION_COMMENTS = YES;
				CLANG_WARN_EMPTY_BODY = YES;
				CLANG_WARN_ENUM_CONVERSION = YES;
				CLANG_WARN_INFINITE_RECURSION = YES;
				CLANG_WARN_INT_CONVERSION = YES;
				CLANG_WARN_NON_LITERAL_NULL_CONVERSION = YES;
				CLANG_WARN_OBJC_IMPLICIT_RETAIN_SELF = YES;
				CLANG_WARN_OBJC_LITERAL_CONVERSION = YES;
				CLANG_WARN_OBJC_ROOT_CLASS = YES_ERROR;
				CLANG_WARN_QUOTED_INCLUDE_IN_FRAMEWORK_HEADER = YES;
				CLANG_WARN_RANGE_LOOP_ANALYSIS = YES;
				CLANG_WARN_STRICT_PROTOTYPES = YES;
				CLANG_WARN_SUSPICIOUS_MOVE = YES;
				CLANG_WARN_UNGUARDED_AVAILABILITY = YES_AGGRESSIVE;
				CLANG_WARN_UNREACHABLE_CODE = YES;
				CLANG_WARN__DUPLICATE_METHOD_MATCH = YES;
				COPY_PHASE_STRIP = NO;
				DEBUG_INFORMATION_FORMAT = dwarf;
				ENABLE_STRICT_OBJC_MSGSEND = YES;
				ENABLE_TESTABILITY = YES;
				GCC_C_LANGUAGE_STANDARD = gnu11;
				GCC_DYNAMIC_NO_PIC = NO;
				GCC_NO_COMMON_BLOCKS = YES;
				GCC_OPTIMIZATION_LEVEL = 0;
				GCC_PREPROCESSOR_DEFINITIONS = (
					"DEBUG=1",
					"$(inherited)",
				);
				GCC_WARN_64_TO_32_BIT_CONVERSION = YES;
				GCC_WARN_ABOUT_RETURN_TYPE = YES_ERROR;
				GCC_WARN_UNDECLARED_SELECTOR = YES;
				GCC_WARN_UNINITIALIZED_AUTOS = YES_AGGRESSIVE;
				GCC_WARN_UNUSED_FUNCTION = YES;
				GCC_WARN_UNUSED_VARIABLE = YES;
				IPHONEOS_DEPLOYMENT_TARGET = 16.2;
				MTL_ENABLE_DEBUG_INFO = INCLUDE_SOURCE;
				MTL_FAST_MATH = YES;
				ONLY_ACTIVE_ARCH = YES;
				SDKROOT = iphoneos;
				SWIFT_ACTIVE_COMPILATION_CONDITIONS = DEBUG;
				SWIFT_OPTIMIZATION_LEVEL = "-Onone";
			};
			name = Debug;
		};
		297E714B299FABF10053E32E /* Release */ = {
			isa = XCBuildConfiguration;
			buildSettings = {
				ALWAYS_SEARCH_USER_PATHS = NO;
				CLANG_ANALYZER_NONNULL = YES;
				CLANG_ANALYZER_NUMBER_OBJECT_CONVERSION = YES_AGGRESSIVE;
				CLANG_CXX_LANGUAGE_STANDARD = "gnu++20";
				CLANG_ENABLE_MODULES = YES;
				CLANG_ENABLE_OBJC_ARC = YES;
				CLANG_ENABLE_OBJC_WEAK = YES;
				CLANG_WARN_BLOCK_CAPTURE_AUTORELEASING = YES;
				CLANG_WARN_BOOL_CONVERSION = YES;
				CLANG_WARN_COMMA = YES;
				CLANG_WARN_CONSTANT_CONVERSION = YES;
				CLANG_WARN_DEPRECATED_OBJC_IMPLEMENTATIONS = YES;
				CLANG_WARN_DIRECT_OBJC_ISA_USAGE = YES_ERROR;
				CLANG_WARN_DOCUMENTATION_COMMENTS = YES;
				CLANG_WARN_EMPTY_BODY = YES;
				CLANG_WARN_ENUM_CONVERSION = YES;
				CLANG_WARN_INFINITE_RECURSION = YES;
				CLANG_WARN_INT_CONVERSION = YES;
				CLANG_WARN_NON_LITERAL_NULL_CONVERSION = YES;
				CLANG_WARN_OBJC_IMPLICIT_RETAIN_SELF = YES;
				CLANG_WARN_OBJC_LITERAL_CONVERSION = YES;
				CLANG_WARN_OBJC_ROOT_CLASS = YES_ERROR;
				CLANG_WARN_QUOTED_INCLUDE_IN_FRAMEWORK_HEADER = YES;
				CLANG_WARN_RANGE_LOOP_ANALYSIS = YES;
				CLANG_WARN_STRICT_PROTOTYPES = YES;
				CLANG_WARN_SUSPICIOUS_MOVE = YES;
				CLANG_WARN_UNGUARDED_AVAILABILITY = YES_AGGRESSIVE;
				CLANG_WARN_UNREACHABLE_CODE = YES;
				CLANG_WARN__DUPLICATE_METHOD_MATCH = YES;
				COPY_PHASE_STRIP = NO;
				DEBUG_INFORMATION_FORMAT = "dwarf-with-dsym";
				ENABLE_NS_ASSERTIONS = NO;
				ENABLE_STRICT_OBJC_MSGSEND = YES;
				GCC_C_LANGUAGE_STANDARD = gnu11;
				GCC_NO_COMMON_BLOCKS = YES;
				GCC_WARN_64_TO_32_BIT_CONVERSION = YES;
				GCC_WARN_ABOUT_RETURN_TYPE = YES_ERROR;
				GCC_WARN_UNDECLARED_SELECTOR = YES;
				GCC_WARN_UNINITIALIZED_AUTOS = YES_AGGRESSIVE;
				GCC_WARN_UNUSED_FUNCTION = YES;
				GCC_WARN_UNUSED_VARIABLE = YES;
				IPHONEOS_DEPLOYMENT_TARGET = 16.2;
				MTL_ENABLE_DEBUG_INFO = NO;
				MTL_FAST_MATH = YES;
				SDKROOT = iphoneos;
				SWIFT_COMPILATION_MODE = wholemodule;
				SWIFT_OPTIMIZATION_LEVEL = "-O";
				VALIDATE_PRODUCT = YES;
			};
			name = Release;
		};
		297E714D299FABF10053E32E /* Debug */ = {
			isa = XCBuildConfiguration;
			buildSettings = {
				ASSETCATALOG_COMPILER_APPICON_NAME = AppIcon;
				ASSETCATALOG_COMPILER_GLOBAL_ACCENT_COLOR_NAME = AccentColor;
				CODE_SIGN_STYLE = Automatic;
				CURRENT_PROJECT_VERSION = 1;
				DEVELOPMENT_TEAM = 9HK4TRLPGW;
				GENERATE_INFOPLIST_FILE = YES;
				INFOPLIST_FILE = "DzienWydzialu-iOS/Info.plist";
				INFOPLIST_KEY_UIApplicationSupportsIndirectInputEvents = YES;
				INFOPLIST_KEY_UILaunchStoryboardName = LaunchScreen;
				INFOPLIST_KEY_UIMainStoryboardFile = Main;
				INFOPLIST_KEY_UISupportedInterfaceOrientations_iPad = "UIInterfaceOrientationPortrait UIInterfaceOrientationPortraitUpsideDown UIInterfaceOrientationLandscapeLeft UIInterfaceOrientationLandscapeRight";
				INFOPLIST_KEY_UISupportedInterfaceOrientations_iPhone = "UIInterfaceOrientationPortrait UIInterfaceOrientationLandscapeLeft UIInterfaceOrientationLandscapeRight";
				LD_RUNPATH_SEARCH_PATHS = (
					"$(inherited)",
					"@executable_path/Frameworks",
				);
				MARKETING_VERSION = 1.0;
				PRODUCT_BUNDLE_IDENTIFIER = "bartek.chadrys.DzienWydzialu-iOS";
				PRODUCT_NAME = "$(TARGET_NAME)";
				SWIFT_EMIT_LOC_STRINGS = YES;
				SWIFT_VERSION = 5.0;
				TARGETED_DEVICE_FAMILY = "1,2";
			};
			name = Debug;
		};
		297E714E299FABF10053E32E /* Release */ = {
			isa = XCBuildConfiguration;
			buildSettings = {
				ASSETCATALOG_COMPILER_APPICON_NAME = AppIcon;
				ASSETCATALOG_COMPILER_GLOBAL_ACCENT_COLOR_NAME = AccentColor;
				CODE_SIGN_STYLE = Automatic;
				CURRENT_PROJECT_VERSION = 1;
				DEVELOPMENT_TEAM = 9HK4TRLPGW;
				GENERATE_INFOPLIST_FILE = YES;
				INFOPLIST_FILE = "DzienWydzialu-iOS/Info.plist";
				INFOPLIST_KEY_UIApplicationSupportsIndirectInputEvents = YES;
				INFOPLIST_KEY_UILaunchStoryboardName = LaunchScreen;
				INFOPLIST_KEY_UIMainStoryboardFile = Main;
				INFOPLIST_KEY_UISupportedInterfaceOrientations_iPad = "UIInterfaceOrientationPortrait UIInterfaceOrientationPortraitUpsideDown UIInterfaceOrientationLandscapeLeft UIInterfaceOrientationLandscapeRight";
				INFOPLIST_KEY_UISupportedInterfaceOrientations_iPhone = "UIInterfaceOrientationPortrait UIInterfaceOrientationLandscapeLeft UIInterfaceOrientationLandscapeRight";
				LD_RUNPATH_SEARCH_PATHS = (
					"$(inherited)",
					"@executable_path/Frameworks",
				);
				MARKETING_VERSION = 1.0;
				PRODUCT_BUNDLE_IDENTIFIER = "bartek.chadrys.DzienWydzialu-iOS";
				PRODUCT_NAME = "$(TARGET_NAME)";
				SWIFT_EMIT_LOC_STRINGS = YES;
				SWIFT_VERSION = 5.0;
				TARGETED_DEVICE_FAMILY = "1,2";
			};
			name = Release;
		};
/* End XCBuildConfiguration section */

/* Begin XCConfigurationList section */
		297E7133299FABF00053E32E /* Build configuration list for PBXProject "DzienWydzialu-iOS" */ = {
			isa = XCConfigurationList;
			buildConfigurations = (
				297E714A299FABF10053E32E /* Debug */,
				297E714B299FABF10053E32E /* Release */,
			);
			defaultConfigurationIsVisible = 0;
			defaultConfigurationName = Release;
		};
		297E714C299FABF10053E32E /* Build configuration list for PBXNativeTarget "DzienWydzialu-iOS" */ = {
			isa = XCConfigurationList;
			buildConfigurations = (
				297E714D299FABF10053E32E /* Debug */,
				297E714E299FABF10053E32E /* Release */,
			);
			defaultConfigurationIsVisible = 0;
			defaultConfigurationName = Release;
		};
/* End XCConfigurationList section */
	};
	rootObject = 297E7130299FABF00053E32E /* Project object */;
}
