// !$*UTF8*$!
{
	archiveVersion = 1;
	classes = {
	};
	objectVersion = 56;
	objects = {

/* Begin PBXBuildFile section */
		291D371029A5219B00577E78 /* EventsViewController.swift in Sources */ = {isa = PBXBuildFile; fileRef = 291D370F29A5219B00577E78 /* EventsViewController.swift */; };
		291DA15729A552910087E1D8 /* FirebaseAnalytics in Frameworks */ = {isa = PBXBuildFile; productRef = 291DA15629A552910087E1D8 /* FirebaseAnalytics */; };
		291DA15929A552910087E1D8 /* FirebaseAnalyticsOnDeviceConversion in Frameworks */ = {isa = PBXBuildFile; productRef = 291DA15829A552910087E1D8 /* FirebaseAnalyticsOnDeviceConversion */; };
		291DA15B29A552910087E1D8 /* FirebaseAnalyticsSwift in Frameworks */ = {isa = PBXBuildFile; productRef = 291DA15A29A552910087E1D8 /* FirebaseAnalyticsSwift */; };
		291DA15D29A552910087E1D8 /* FirebaseAnalyticsWithoutAdIdSupport in Frameworks */ = {isa = PBXBuildFile; productRef = 291DA15C29A552910087E1D8 /* FirebaseAnalyticsWithoutAdIdSupport */; };
		291DA15F29A552910087E1D8 /* FirebaseAppCheck in Frameworks */ = {isa = PBXBuildFile; productRef = 291DA15E29A552910087E1D8 /* FirebaseAppCheck */; };
		291DA16129A552910087E1D8 /* FirebaseAppDistribution-Beta in Frameworks */ = {isa = PBXBuildFile; productRef = 291DA16029A552910087E1D8 /* FirebaseAppDistribution-Beta */; };
		291DA16329A552910087E1D8 /* FirebaseAuth in Frameworks */ = {isa = PBXBuildFile; productRef = 291DA16229A552910087E1D8 /* FirebaseAuth */; };
		291DA16529A552910087E1D8 /* FirebaseAuthCombine-Community in Frameworks */ = {isa = PBXBuildFile; productRef = 291DA16429A552910087E1D8 /* FirebaseAuthCombine-Community */; };
		291DA16729A552910087E1D8 /* FirebaseCrashlytics in Frameworks */ = {isa = PBXBuildFile; productRef = 291DA16629A552910087E1D8 /* FirebaseCrashlytics */; };
		291DA16929A552910087E1D8 /* FirebaseDatabase in Frameworks */ = {isa = PBXBuildFile; productRef = 291DA16829A552910087E1D8 /* FirebaseDatabase */; };
		291DA16B29A552910087E1D8 /* FirebaseDatabaseSwift in Frameworks */ = {isa = PBXBuildFile; productRef = 291DA16A29A552910087E1D8 /* FirebaseDatabaseSwift */; };
		291DA16D29A552910087E1D8 /* FirebaseDynamicLinks in Frameworks */ = {isa = PBXBuildFile; productRef = 291DA16C29A552910087E1D8 /* FirebaseDynamicLinks */; };
		291DA16F29A552910087E1D8 /* FirebaseFirestore in Frameworks */ = {isa = PBXBuildFile; productRef = 291DA16E29A552910087E1D8 /* FirebaseFirestore */; };
		291DA17129A552910087E1D8 /* FirebaseFirestoreCombine-Community in Frameworks */ = {isa = PBXBuildFile; productRef = 291DA17029A552910087E1D8 /* FirebaseFirestoreCombine-Community */; };
		291DA17329A552910087E1D8 /* FirebaseFirestoreSwift in Frameworks */ = {isa = PBXBuildFile; productRef = 291DA17229A552910087E1D8 /* FirebaseFirestoreSwift */; };
		291DA17529A552910087E1D8 /* FirebaseFunctions in Frameworks */ = {isa = PBXBuildFile; productRef = 291DA17429A552910087E1D8 /* FirebaseFunctions */; };
		291DA17729A552910087E1D8 /* FirebaseFunctionsCombine-Community in Frameworks */ = {isa = PBXBuildFile; productRef = 291DA17629A552910087E1D8 /* FirebaseFunctionsCombine-Community */; };
		291DA17929A552910087E1D8 /* FirebaseInAppMessaging-Beta in Frameworks */ = {isa = PBXBuildFile; productRef = 291DA17829A552910087E1D8 /* FirebaseInAppMessaging-Beta */; };
		291DA17B29A552910087E1D8 /* FirebaseInAppMessagingSwift-Beta in Frameworks */ = {isa = PBXBuildFile; productRef = 291DA17A29A552910087E1D8 /* FirebaseInAppMessagingSwift-Beta */; };
		291DA17D29A552910087E1D8 /* FirebaseInstallations in Frameworks */ = {isa = PBXBuildFile; productRef = 291DA17C29A552910087E1D8 /* FirebaseInstallations */; };
		291DA17F29A552910087E1D8 /* FirebaseMLModelDownloader in Frameworks */ = {isa = PBXBuildFile; productRef = 291DA17E29A552910087E1D8 /* FirebaseMLModelDownloader */; };
		291DA18129A552910087E1D8 /* FirebaseMessaging in Frameworks */ = {isa = PBXBuildFile; productRef = 291DA18029A552910087E1D8 /* FirebaseMessaging */; };
		291DA18329A552910087E1D8 /* FirebasePerformance in Frameworks */ = {isa = PBXBuildFile; productRef = 291DA18229A552910087E1D8 /* FirebasePerformance */; };
		291DA18529A552910087E1D8 /* FirebaseRemoteConfig in Frameworks */ = {isa = PBXBuildFile; productRef = 291DA18429A552910087E1D8 /* FirebaseRemoteConfig */; };
		291DA18729A552910087E1D8 /* FirebaseRemoteConfigSwift in Frameworks */ = {isa = PBXBuildFile; productRef = 291DA18629A552910087E1D8 /* FirebaseRemoteConfigSwift */; };
		291DA18929A552910087E1D8 /* FirebaseStorage in Frameworks */ = {isa = PBXBuildFile; productRef = 291DA18829A552910087E1D8 /* FirebaseStorage */; };
		291DA18B29A552910087E1D8 /* FirebaseStorageCombine-Community in Frameworks */ = {isa = PBXBuildFile; productRef = 291DA18A29A552910087E1D8 /* FirebaseStorageCombine-Community */; };
		291DA18D29A56DE00087E1D8 /* TasksViewController.swift in Sources */ = {isa = PBXBuildFile; fileRef = 291DA18C29A56DE00087E1D8 /* TasksViewController.swift */; };
		292501CD29C27E79000C5DC7 /* EventCreator.swift in Sources */ = {isa = PBXBuildFile; fileRef = 292501CC29C27E79000C5DC7 /* EventCreator.swift */; };
		292501CF29C27FCD000C5DC7 /* TaskCreator.swift in Sources */ = {isa = PBXBuildFile; fileRef = 292501CE29C27FCD000C5DC7 /* TaskCreator.swift */; };
		29257A2B29A10D6D00FD5C3A /* Assets.xcassets in Resources */ = {isa = PBXBuildFile; fileRef = 29257A2A29A10D6D00FD5C3A /* Assets.xcassets */; };
		293CAF6429A6567900D75D48 /* EventCell.xib in Resources */ = {isa = PBXBuildFile; fileRef = 293CAF6329A6567900D75D48 /* EventCell.xib */; };
		293CAF6829A6617B00D75D48 /* EventCell.swift in Sources */ = {isa = PBXBuildFile; fileRef = 293CAF6729A6617B00D75D48 /* EventCell.swift */; };
		293CAF6A29A6632700D75D48 /* Events.swift in Sources */ = {isa = PBXBuildFile; fileRef = 293CAF6929A6632700D75D48 /* Events.swift */; };
		293CAF6C29A666F200D75D48 /* Constants.swift in Sources */ = {isa = PBXBuildFile; fileRef = 293CAF6B29A666F200D75D48 /* Constants.swift */; };
		293CAF6E29A6731E00D75D48 /* InfoViewController.swift in Sources */ = {isa = PBXBuildFile; fileRef = 293CAF6D29A6731E00D75D48 /* InfoViewController.swift */; };
		293CAF7029A7FC4500D75D48 /* TaskCell.xib in Resources */ = {isa = PBXBuildFile; fileRef = 293CAF6F29A7FC4500D75D48 /* TaskCell.xib */; };
		293CAF7229A7FC5000D75D48 /* TaskCell.swift in Sources */ = {isa = PBXBuildFile; fileRef = 293CAF7129A7FC5000D75D48 /* TaskCell.swift */; };
		293CAF8929A81A8300D75D48 /* Montserrat-Black.ttf in Resources */ = {isa = PBXBuildFile; fileRef = 293CAF7629A817DE00D75D48 /* Montserrat-Black.ttf */; };
		293CAF8A29A81A8900D75D48 /* Montserrat-MediumItalic.ttf in Resources */ = {isa = PBXBuildFile; fileRef = 293CAF7729A817DE00D75D48 /* Montserrat-MediumItalic.ttf */; };
		293CAF8B29A81A8900D75D48 /* Montserrat-Thin.ttf in Resources */ = {isa = PBXBuildFile; fileRef = 293CAF8129A817DF00D75D48 /* Montserrat-Thin.ttf */; };
		293CAF8C29A81A8900D75D48 /* Montserrat-ExtraBold.ttf in Resources */ = {isa = PBXBuildFile; fileRef = 293CAF8629A817DF00D75D48 /* Montserrat-ExtraBold.ttf */; };
		293CAF8D29A81A8900D75D48 /* Montserrat-ExtraLight.ttf in Resources */ = {isa = PBXBuildFile; fileRef = 293CAF7C29A817DF00D75D48 /* Montserrat-ExtraLight.ttf */; };
		293CAF8E29A81A8900D75D48 /* Montserrat-ExtraBoldItalic.ttf in Resources */ = {isa = PBXBuildFile; fileRef = 293CAF8529A817DF00D75D48 /* Montserrat-ExtraBoldItalic.ttf */; };
		293CAF8F29A81A8900D75D48 /* Montserrat-BlackItalic.ttf in Resources */ = {isa = PBXBuildFile; fileRef = 293CAF7B29A817DF00D75D48 /* Montserrat-BlackItalic.ttf */; };
		293CAF9029A81A8900D75D48 /* Montserrat-ExtraLightItalic.ttf in Resources */ = {isa = PBXBuildFile; fileRef = 293CAF8229A817DF00D75D48 /* Montserrat-ExtraLightItalic.ttf */; };
		293CAF9129A81A8900D75D48 /* Montserrat-Medium.ttf in Resources */ = {isa = PBXBuildFile; fileRef = 293CAF7929A817DF00D75D48 /* Montserrat-Medium.ttf */; };
		293CAF9229A81A8900D75D48 /* Montserrat-Regular.ttf in Resources */ = {isa = PBXBuildFile; fileRef = 293CAF7A29A817DF00D75D48 /* Montserrat-Regular.ttf */; };
		293CAF9329A81A8900D75D48 /* Montserrat-BoldItalic.ttf in Resources */ = {isa = PBXBuildFile; fileRef = 293CAF8429A817DF00D75D48 /* Montserrat-BoldItalic.ttf */; };
		293CAF9429A81A8900D75D48 /* Montserrat-Italic.ttf in Resources */ = {isa = PBXBuildFile; fileRef = 293CAF7F29A817DF00D75D48 /* Montserrat-Italic.ttf */; };
		293CAF9529A81A8900D75D48 /* Montserrat-Light.ttf in Resources */ = {isa = PBXBuildFile; fileRef = 293CAF8029A817DF00D75D48 /* Montserrat-Light.ttf */; };
		293CAF9629A81A8900D75D48 /* Montserrat-SemiBold.ttf in Resources */ = {isa = PBXBuildFile; fileRef = 293CAF7829A817DE00D75D48 /* Montserrat-SemiBold.ttf */; };
		293CAF9729A81A8900D75D48 /* Montserrat-SemiBoldItalic.ttf in Resources */ = {isa = PBXBuildFile; fileRef = 293CAF8729A817DF00D75D48 /* Montserrat-SemiBoldItalic.ttf */; };
		293CAF9829A81A8900D75D48 /* Montserrat-ThinItalic.ttf in Resources */ = {isa = PBXBuildFile; fileRef = 293CAF7D29A817DF00D75D48 /* Montserrat-ThinItalic.ttf */; };
		293CAF9929A81A8900D75D48 /* Montserrat-VariableFont_wght.ttf in Resources */ = {isa = PBXBuildFile; fileRef = 293CAF7529A7FF5100D75D48 /* Montserrat-VariableFont_wght.ttf */; };
		293CAF9A29A81A8900D75D48 /* Montserrat-Bold.ttf in Resources */ = {isa = PBXBuildFile; fileRef = 293CAF8329A817DF00D75D48 /* Montserrat-Bold.ttf */; };
		293CAF9B29A81A8900D75D48 /* Montserrat-LightItalic.ttf in Resources */ = {isa = PBXBuildFile; fileRef = 293CAF7E29A817DF00D75D48 /* Montserrat-LightItalic.ttf */; };
		293CAF9D29A8243D00D75D48 /* Tasks.swift in Sources */ = {isa = PBXBuildFile; fileRef = 293CAF9C29A8243D00D75D48 /* Tasks.swift */; };
		295EECB22B49DF0600D89D1A /* CellsStyles.swift in Sources */ = {isa = PBXBuildFile; fileRef = 295EECB12B49DF0600D89D1A /* CellsStyles.swift */; };
		295EECB42B49E1FE00D89D1A /* TaskCellCollection+Style.swift in Sources */ = {isa = PBXBuildFile; fileRef = 295EECB32B49E1FE00D89D1A /* TaskCellCollection+Style.swift */; };
		295EECB62B49E28E00D89D1A /* TaskCell+Style.swift in Sources */ = {isa = PBXBuildFile; fileRef = 295EECB52B49E28E00D89D1A /* TaskCell+Style.swift */; };
		295EECB82B49E30200D89D1A /* EventCell+Style.swift in Sources */ = {isa = PBXBuildFile; fileRef = 295EECB72B49E30200D89D1A /* EventCell+Style.swift */; };
		297007F22B699A8700F240B7 /* ZoomImageView.swift in Sources */ = {isa = PBXBuildFile; fileRef = 297007F12B699A8700F240B7 /* ZoomImageView.swift */; };
		2979DB0F2B6EB1F100D9948F /* StrokeGradientButton.swift in Sources */ = {isa = PBXBuildFile; fileRef = 2979DB0E2B6EB1F100D9948F /* StrokeGradientButton.swift */; };
		297C39E729AE062700C62979 /* QrViewController.swift in Sources */ = {isa = PBXBuildFile; fileRef = 297C39E629AE062700C62979 /* QrViewController.swift */; };
		297E713C299FABF00053E32E /* AppDelegate.swift in Sources */ = {isa = PBXBuildFile; fileRef = 297E713B299FABF00053E32E /* AppDelegate.swift */; };
		297E713E299FABF00053E32E /* SceneDelegate.swift in Sources */ = {isa = PBXBuildFile; fileRef = 297E713D299FABF00053E32E /* SceneDelegate.swift */; };
		297E7140299FABF00053E32E /* HomeViewController.swift in Sources */ = {isa = PBXBuildFile; fileRef = 297E713F299FABF00053E32E /* HomeViewController.swift */; };
		297E7143299FABF00053E32E /* Main.storyboard in Resources */ = {isa = PBXBuildFile; fileRef = 297E7141299FABF00053E32E /* Main.storyboard */; };
		297E7148299FABF10053E32E /* LaunchScreen.storyboard in Resources */ = {isa = PBXBuildFile; fileRef = 297E7146299FABF10053E32E /* LaunchScreen.storyboard */; };
		299EE35329BC9CC900DD3583 /* TaskCellCollection.swift in Sources */ = {isa = PBXBuildFile; fileRef = 299EE35229BC9CC900DD3583 /* TaskCellCollection.swift */; };
		299EE35729BC9E0D00DD3583 /* TaskCellCollection.xib in Resources */ = {isa = PBXBuildFile; fileRef = 299EE35629BC9E0D00DD3583 /* TaskCellCollection.xib */; };
		299EF2EC29C0FFBF00CAFA95 /* AlertViewController.swift in Sources */ = {isa = PBXBuildFile; fileRef = 299EF2EA29C0FFBF00CAFA95 /* AlertViewController.swift */; };
		299EF2ED29C0FFBF00CAFA95 /* AlertViewController.xib in Resources */ = {isa = PBXBuildFile; fileRef = 299EF2EB29C0FFBF00CAFA95 /* AlertViewController.xib */; };
		29A9601129C3A89D00AEF86D /* TaskAlert.swift in Sources */ = {isa = PBXBuildFile; fileRef = 29A9600F29C3A89D00AEF86D /* TaskAlert.swift */; };
		29BE35042B7AC29F00A43F05 /* GoogleService-Info.plist in Resources */ = {isa = PBXBuildFile; fileRef = 29BE35032B7AC29F00A43F05 /* GoogleService-Info.plist */; };
		29FBA3FB29C48E30005A0EAC /* TaskAlert.xib in Resources */ = {isa = PBXBuildFile; fileRef = 29FBA3FA29C48E30005A0EAC /* TaskAlert.xib */; };
		29FDF72C29BFB699003D84E6 /* GradientButton.swift in Sources */ = {isa = PBXBuildFile; fileRef = 29FDF72B29BFB699003D84E6 /* GradientButton.swift */; };
/* End PBXBuildFile section */

/* Begin PBXFileReference section */
		291D370F29A5219B00577E78 /* EventsViewController.swift */ = {isa = PBXFileReference; lastKnownFileType = sourcecode.swift; path = EventsViewController.swift; sourceTree = "<group>"; };
		291DA18C29A56DE00087E1D8 /* TasksViewController.swift */ = {isa = PBXFileReference; lastKnownFileType = sourcecode.swift; path = TasksViewController.swift; sourceTree = "<group>"; };
		292501CC29C27E79000C5DC7 /* EventCreator.swift */ = {isa = PBXFileReference; lastKnownFileType = sourcecode.swift; path = EventCreator.swift; sourceTree = "<group>"; };
		292501CE29C27FCD000C5DC7 /* TaskCreator.swift */ = {isa = PBXFileReference; lastKnownFileType = sourcecode.swift; path = TaskCreator.swift; sourceTree = "<group>"; };
		29257A2A29A10D6D00FD5C3A /* Assets.xcassets */ = {isa = PBXFileReference; lastKnownFileType = folder.assetcatalog; path = Assets.xcassets; sourceTree = "<group>"; };
		293CAF6329A6567900D75D48 /* EventCell.xib */ = {isa = PBXFileReference; lastKnownFileType = file.xib; path = EventCell.xib; sourceTree = "<group>"; };
		293CAF6729A6617B00D75D48 /* EventCell.swift */ = {isa = PBXFileReference; lastKnownFileType = sourcecode.swift; path = EventCell.swift; sourceTree = "<group>"; };
		293CAF6929A6632700D75D48 /* Events.swift */ = {isa = PBXFileReference; lastKnownFileType = sourcecode.swift; path = Events.swift; sourceTree = "<group>"; };
		293CAF6B29A666F200D75D48 /* Constants.swift */ = {isa = PBXFileReference; lastKnownFileType = sourcecode.swift; path = Constants.swift; sourceTree = "<group>"; };
		293CAF6D29A6731E00D75D48 /* InfoViewController.swift */ = {isa = PBXFileReference; lastKnownFileType = sourcecode.swift; path = InfoViewController.swift; sourceTree = "<group>"; };
		293CAF6F29A7FC4500D75D48 /* TaskCell.xib */ = {isa = PBXFileReference; lastKnownFileType = file.xib; path = TaskCell.xib; sourceTree = "<group>"; };
		293CAF7129A7FC5000D75D48 /* TaskCell.swift */ = {isa = PBXFileReference; lastKnownFileType = sourcecode.swift; path = TaskCell.swift; sourceTree = "<group>"; };
		293CAF7529A7FF5100D75D48 /* Montserrat-VariableFont_wght.ttf */ = {isa = PBXFileReference; lastKnownFileType = file; path = "Montserrat-VariableFont_wght.ttf"; sourceTree = "<group>"; };
		293CAF7629A817DE00D75D48 /* Montserrat-Black.ttf */ = {isa = PBXFileReference; lastKnownFileType = file; path = "Montserrat-Black.ttf"; sourceTree = "<group>"; };
		293CAF7729A817DE00D75D48 /* Montserrat-MediumItalic.ttf */ = {isa = PBXFileReference; lastKnownFileType = file; path = "Montserrat-MediumItalic.ttf"; sourceTree = "<group>"; };
		293CAF7829A817DE00D75D48 /* Montserrat-SemiBold.ttf */ = {isa = PBXFileReference; lastKnownFileType = file; path = "Montserrat-SemiBold.ttf"; sourceTree = "<group>"; };
		293CAF7929A817DF00D75D48 /* Montserrat-Medium.ttf */ = {isa = PBXFileReference; lastKnownFileType = file; path = "Montserrat-Medium.ttf"; sourceTree = "<group>"; };
		293CAF7A29A817DF00D75D48 /* Montserrat-Regular.ttf */ = {isa = PBXFileReference; lastKnownFileType = file; path = "Montserrat-Regular.ttf"; sourceTree = "<group>"; };
		293CAF7B29A817DF00D75D48 /* Montserrat-BlackItalic.ttf */ = {isa = PBXFileReference; lastKnownFileType = file; path = "Montserrat-BlackItalic.ttf"; sourceTree = "<group>"; };
		293CAF7C29A817DF00D75D48 /* Montserrat-ExtraLight.ttf */ = {isa = PBXFileReference; lastKnownFileType = file; path = "Montserrat-ExtraLight.ttf"; sourceTree = "<group>"; };
		293CAF7D29A817DF00D75D48 /* Montserrat-ThinItalic.ttf */ = {isa = PBXFileReference; lastKnownFileType = file; path = "Montserrat-ThinItalic.ttf"; sourceTree = "<group>"; };
		293CAF7E29A817DF00D75D48 /* Montserrat-LightItalic.ttf */ = {isa = PBXFileReference; lastKnownFileType = file; path = "Montserrat-LightItalic.ttf"; sourceTree = "<group>"; };
		293CAF7F29A817DF00D75D48 /* Montserrat-Italic.ttf */ = {isa = PBXFileReference; lastKnownFileType = file; path = "Montserrat-Italic.ttf"; sourceTree = "<group>"; };
		293CAF8029A817DF00D75D48 /* Montserrat-Light.ttf */ = {isa = PBXFileReference; lastKnownFileType = file; path = "Montserrat-Light.ttf"; sourceTree = "<group>"; };
		293CAF8129A817DF00D75D48 /* Montserrat-Thin.ttf */ = {isa = PBXFileReference; lastKnownFileType = file; path = "Montserrat-Thin.ttf"; sourceTree = "<group>"; };
		293CAF8229A817DF00D75D48 /* Montserrat-ExtraLightItalic.ttf */ = {isa = PBXFileReference; lastKnownFileType = file; path = "Montserrat-ExtraLightItalic.ttf"; sourceTree = "<group>"; };
		293CAF8329A817DF00D75D48 /* Montserrat-Bold.ttf */ = {isa = PBXFileReference; lastKnownFileType = file; path = "Montserrat-Bold.ttf"; sourceTree = "<group>"; };
		293CAF8429A817DF00D75D48 /* Montserrat-BoldItalic.ttf */ = {isa = PBXFileReference; lastKnownFileType = file; path = "Montserrat-BoldItalic.ttf"; sourceTree = "<group>"; };
		293CAF8529A817DF00D75D48 /* Montserrat-ExtraBoldItalic.ttf */ = {isa = PBXFileReference; lastKnownFileType = file; path = "Montserrat-ExtraBoldItalic.ttf"; sourceTree = "<group>"; };
		293CAF8629A817DF00D75D48 /* Montserrat-ExtraBold.ttf */ = {isa = PBXFileReference; lastKnownFileType = file; path = "Montserrat-ExtraBold.ttf"; sourceTree = "<group>"; };
		293CAF8729A817DF00D75D48 /* Montserrat-SemiBoldItalic.ttf */ = {isa = PBXFileReference; lastKnownFileType = file; path = "Montserrat-SemiBoldItalic.ttf"; sourceTree = "<group>"; };
		293CAF9C29A8243D00D75D48 /* Tasks.swift */ = {isa = PBXFileReference; lastKnownFileType = sourcecode.swift; path = Tasks.swift; sourceTree = "<group>"; };
		295EECB12B49DF0600D89D1A /* CellsStyles.swift */ = {isa = PBXFileReference; lastKnownFileType = sourcecode.swift; path = CellsStyles.swift; sourceTree = "<group>"; };
		295EECB32B49E1FE00D89D1A /* TaskCellCollection+Style.swift */ = {isa = PBXFileReference; lastKnownFileType = sourcecode.swift; path = "TaskCellCollection+Style.swift"; sourceTree = "<group>"; };
		295EECB52B49E28E00D89D1A /* TaskCell+Style.swift */ = {isa = PBXFileReference; lastKnownFileType = sourcecode.swift; path = "TaskCell+Style.swift"; sourceTree = "<group>"; };
		295EECB72B49E30200D89D1A /* EventCell+Style.swift */ = {isa = PBXFileReference; lastKnownFileType = sourcecode.swift; path = "EventCell+Style.swift"; sourceTree = "<group>"; };
		297007F12B699A8700F240B7 /* ZoomImageView.swift */ = {isa = PBXFileReference; lastKnownFileType = sourcecode.swift; path = ZoomImageView.swift; sourceTree = "<group>"; };
		2979DB0E2B6EB1F100D9948F /* StrokeGradientButton.swift */ = {isa = PBXFileReference; lastKnownFileType = sourcecode.swift; path = StrokeGradientButton.swift; sourceTree = "<group>"; };
		297C39E629AE062700C62979 /* QrViewController.swift */ = {isa = PBXFileReference; lastKnownFileType = sourcecode.swift; path = QrViewController.swift; sourceTree = "<group>"; };
		297E7138299FABF00053E32E /* DzienWydzialu-iOS.app */ = {isa = PBXFileReference; explicitFileType = wrapper.application; includeInIndex = 0; path = "DzienWydzialu-iOS.app"; sourceTree = BUILT_PRODUCTS_DIR; };
		297E713B299FABF00053E32E /* AppDelegate.swift */ = {isa = PBXFileReference; lastKnownFileType = sourcecode.swift; path = AppDelegate.swift; sourceTree = "<group>"; };
		297E713D299FABF00053E32E /* SceneDelegate.swift */ = {isa = PBXFileReference; lastKnownFileType = sourcecode.swift; path = SceneDelegate.swift; sourceTree = "<group>"; };
		297E713F299FABF00053E32E /* HomeViewController.swift */ = {isa = PBXFileReference; lastKnownFileType = sourcecode.swift; path = HomeViewController.swift; sourceTree = "<group>"; tabWidth = 4; };
		297E7142299FABF00053E32E /* Base */ = {isa = PBXFileReference; lastKnownFileType = file.storyboard; name = Base; path = Base.lproj/Main.storyboard; sourceTree = "<group>"; };
		297E7147299FABF10053E32E /* Base */ = {isa = PBXFileReference; lastKnownFileType = file.storyboard; name = Base; path = Base.lproj/LaunchScreen.storyboard; sourceTree = "<group>"; };
		297E7149299FABF10053E32E /* Info.plist */ = {isa = PBXFileReference; lastKnownFileType = text.plist.xml; path = Info.plist; sourceTree = "<group>"; };
		299EE35229BC9CC900DD3583 /* TaskCellCollection.swift */ = {isa = PBXFileReference; lastKnownFileType = sourcecode.swift; path = TaskCellCollection.swift; sourceTree = "<group>"; };
		299EE35629BC9E0D00DD3583 /* TaskCellCollection.xib */ = {isa = PBXFileReference; lastKnownFileType = file.xib; path = TaskCellCollection.xib; sourceTree = "<group>"; };
		299EF2EA29C0FFBF00CAFA95 /* AlertViewController.swift */ = {isa = PBXFileReference; lastKnownFileType = sourcecode.swift; path = AlertViewController.swift; sourceTree = "<group>"; };
		299EF2EB29C0FFBF00CAFA95 /* AlertViewController.xib */ = {isa = PBXFileReference; lastKnownFileType = file.xib; path = AlertViewController.xib; sourceTree = "<group>"; };
		29A9600F29C3A89D00AEF86D /* TaskAlert.swift */ = {isa = PBXFileReference; lastKnownFileType = sourcecode.swift; path = TaskAlert.swift; sourceTree = "<group>"; };
		29BE35032B7AC29F00A43F05 /* GoogleService-Info.plist */ = {isa = PBXFileReference; fileEncoding = 4; lastKnownFileType = text.plist.xml; path = "GoogleService-Info.plist"; sourceTree = "<group>"; };
		29FBA3FA29C48E30005A0EAC /* TaskAlert.xib */ = {isa = PBXFileReference; lastKnownFileType = file.xib; path = TaskAlert.xib; sourceTree = "<group>"; };
		29FDF72B29BFB699003D84E6 /* GradientButton.swift */ = {isa = PBXFileReference; lastKnownFileType = sourcecode.swift; path = GradientButton.swift; sourceTree = "<group>"; };
/* End PBXFileReference section */

/* Begin PBXFrameworksBuildPhase section */
		297E7135299FABF00053E32E /* Frameworks */ = {
			isa = PBXFrameworksBuildPhase;
			buildActionMask = 2147483647;
			files = (
				291DA16929A552910087E1D8 /* FirebaseDatabase in Frameworks */,
				291DA17729A552910087E1D8 /* FirebaseFunctionsCombine-Community in Frameworks */,
				291DA16F29A552910087E1D8 /* FirebaseFirestore in Frameworks */,
				291DA15B29A552910087E1D8 /* FirebaseAnalyticsSwift in Frameworks */,
				291DA15729A552910087E1D8 /* FirebaseAnalytics in Frameworks */,
				291DA15929A552910087E1D8 /* FirebaseAnalyticsOnDeviceConversion in Frameworks */,
				291DA17F29A552910087E1D8 /* FirebaseMLModelDownloader in Frameworks */,
				291DA17329A552910087E1D8 /* FirebaseFirestoreSwift in Frameworks */,
				291DA15F29A552910087E1D8 /* FirebaseAppCheck in Frameworks */,
				291DA15D29A552910087E1D8 /* FirebaseAnalyticsWithoutAdIdSupport in Frameworks */,
				291DA16329A552910087E1D8 /* FirebaseAuth in Frameworks */,
				291DA16729A552910087E1D8 /* FirebaseCrashlytics in Frameworks */,
				291DA18729A552910087E1D8 /* FirebaseRemoteConfigSwift in Frameworks */,
				291DA17929A552910087E1D8 /* FirebaseInAppMessaging-Beta in Frameworks */,
				291DA16B29A552910087E1D8 /* FirebaseDatabaseSwift in Frameworks */,
				291DA17529A552910087E1D8 /* FirebaseFunctions in Frameworks */,
				291DA18B29A552910087E1D8 /* FirebaseStorageCombine-Community in Frameworks */,
				291DA18529A552910087E1D8 /* FirebaseRemoteConfig in Frameworks */,
				291DA16129A552910087E1D8 /* FirebaseAppDistribution-Beta in Frameworks */,
				291DA16529A552910087E1D8 /* FirebaseAuthCombine-Community in Frameworks */,
				291DA18329A552910087E1D8 /* FirebasePerformance in Frameworks */,
				291DA17B29A552910087E1D8 /* FirebaseInAppMessagingSwift-Beta in Frameworks */,
				291DA18929A552910087E1D8 /* FirebaseStorage in Frameworks */,
				291DA16D29A552910087E1D8 /* FirebaseDynamicLinks in Frameworks */,
				291DA17129A552910087E1D8 /* FirebaseFirestoreCombine-Community in Frameworks */,
				291DA18129A552910087E1D8 /* FirebaseMessaging in Frameworks */,
				291DA17D29A552910087E1D8 /* FirebaseInstallations in Frameworks */,
			);
			runOnlyForDeploymentPostprocessing = 0;
		};
/* End PBXFrameworksBuildPhase section */

/* Begin PBXGroup section */
		29257A2629A103A700FD5C3A /* Model */ = {
			isa = PBXGroup;
			children = (
				2979DB0E2B6EB1F100D9948F /* StrokeGradientButton.swift */,
				29FDF72B29BFB699003D84E6 /* GradientButton.swift */,
				297007F12B699A8700F240B7 /* ZoomImageView.swift */,
				29A9600529C3A55200AEF86D /* tasks */,
				29A9600429C3A54500AEF86D /* events */,
			);
			path = Model;
			sourceTree = "<group>";
		};
		29257A2729A103AF00FD5C3A /* View */ = {
			isa = PBXGroup;
			children = (
				297E7141299FABF00053E32E /* Main.storyboard */,
				298154D82B3B37E9006129C7 /* alerts */,
				298154D72B3B37D5006129C7 /* cells */,
			);
			path = View;
			sourceTree = "<group>";
		};
		29257A2829A103B600FD5C3A /* Controller */ = {
			isa = PBXGroup;
			children = (
				297E713F299FABF00053E32E /* HomeViewController.swift */,
				291D370F29A5219B00577E78 /* EventsViewController.swift */,
				291DA18C29A56DE00087E1D8 /* TasksViewController.swift */,
				293CAF6D29A6731E00D75D48 /* InfoViewController.swift */,
				297C39E629AE062700C62979 /* QrViewController.swift */,
			);
			path = Controller;
			sourceTree = "<group>";
		};
		29257A2929A1056B00FD5C3A /* Supporting Files */ = {
			isa = PBXGroup;
			children = (
				293CAF7329A7FF2300D75D48 /* fonts */,
				293CAF6B29A666F200D75D48 /* Constants.swift */,
				297E7146299FABF10053E32E /* LaunchScreen.storyboard */,
				29257A2A29A10D6D00FD5C3A /* Assets.xcassets */,
			);
			path = "Supporting Files";
			sourceTree = "<group>";
		};
		293CAF7329A7FF2300D75D48 /* fonts */ = {
			isa = PBXGroup;
			children = (
				293CAF7629A817DE00D75D48 /* Montserrat-Black.ttf */,
				293CAF7B29A817DF00D75D48 /* Montserrat-BlackItalic.ttf */,
				293CAF8329A817DF00D75D48 /* Montserrat-Bold.ttf */,
				293CAF8429A817DF00D75D48 /* Montserrat-BoldItalic.ttf */,
				293CAF8629A817DF00D75D48 /* Montserrat-ExtraBold.ttf */,
				293CAF8529A817DF00D75D48 /* Montserrat-ExtraBoldItalic.ttf */,
				293CAF7C29A817DF00D75D48 /* Montserrat-ExtraLight.ttf */,
				293CAF8229A817DF00D75D48 /* Montserrat-ExtraLightItalic.ttf */,
				293CAF7F29A817DF00D75D48 /* Montserrat-Italic.ttf */,
				293CAF8029A817DF00D75D48 /* Montserrat-Light.ttf */,
				293CAF7E29A817DF00D75D48 /* Montserrat-LightItalic.ttf */,
				293CAF7929A817DF00D75D48 /* Montserrat-Medium.ttf */,
				293CAF7729A817DE00D75D48 /* Montserrat-MediumItalic.ttf */,
				293CAF7A29A817DF00D75D48 /* Montserrat-Regular.ttf */,
				293CAF7829A817DE00D75D48 /* Montserrat-SemiBold.ttf */,
				293CAF8729A817DF00D75D48 /* Montserrat-SemiBoldItalic.ttf */,
				293CAF8129A817DF00D75D48 /* Montserrat-Thin.ttf */,
				293CAF7D29A817DF00D75D48 /* Montserrat-ThinItalic.ttf */,
				293CAF7529A7FF5100D75D48 /* Montserrat-VariableFont_wght.ttf */,
			);
			path = fonts;
			sourceTree = "<group>";
		};
		297E712F299FABF00053E32E = {
			isa = PBXGroup;
			children = (
				297E713A299FABF00053E32E /* DzienWydzialu-iOS */,
				297E7139299FABF00053E32E /* Products */,
			);
			sourceTree = "<group>";
		};
		297E7139299FABF00053E32E /* Products */ = {
			isa = PBXGroup;
			children = (
				297E7138299FABF00053E32E /* DzienWydzialu-iOS.app */,
			);
			name = Products;
			sourceTree = "<group>";
		};
		297E713A299FABF00053E32E /* DzienWydzialu-iOS */ = {
			isa = PBXGroup;
			children = (
				297E713B299FABF00053E32E /* AppDelegate.swift */,
				297E713D299FABF00053E32E /* SceneDelegate.swift */,
				29257A2629A103A700FD5C3A /* Model */,
				29257A2729A103AF00FD5C3A /* View */,
				29257A2829A103B600FD5C3A /* Controller */,
				29257A2929A1056B00FD5C3A /* Supporting Files */,
				297E7149299FABF10053E32E /* Info.plist */,
				29BE35032B7AC29F00A43F05 /* GoogleService-Info.plist */,
			);
			path = "DzienWydzialu-iOS";
			sourceTree = "<group>";
		};
		298154D72B3B37D5006129C7 /* cells */ = {
			isa = PBXGroup;
			children = (
				299EF2E429C0FED300CAFA95 /* taskCollection */,
				299EF2E329C0FEC600CAFA95 /* taskTableView */,
				299EF2E229C0FEB200CAFA95 /* event */,
				295EECB12B49DF0600D89D1A /* CellsStyles.swift */,
			);
			path = cells;
			sourceTree = "<group>";
		};
		298154D82B3B37E9006129C7 /* alerts */ = {
			isa = PBXGroup;
			children = (
				29A9600E29C3A87E00AEF86D /* taskAlert */,
				299EF2E529C0FEE000CAFA95 /* alert */,
			);
			path = alerts;
			sourceTree = "<group>";
		};
		299EF2E229C0FEB200CAFA95 /* event */ = {
			isa = PBXGroup;
			children = (
				293CAF6329A6567900D75D48 /* EventCell.xib */,
				293CAF6729A6617B00D75D48 /* EventCell.swift */,
				295EECB72B49E30200D89D1A /* EventCell+Style.swift */,
			);
			path = event;
			sourceTree = "<group>";
		};
		299EF2E329C0FEC600CAFA95 /* taskTableView */ = {
			isa = PBXGroup;
			children = (
				293CAF6F29A7FC4500D75D48 /* TaskCell.xib */,
				293CAF7129A7FC5000D75D48 /* TaskCell.swift */,
				295EECB52B49E28E00D89D1A /* TaskCell+Style.swift */,
			);
			path = taskTableView;
			sourceTree = "<group>";
		};
		299EF2E429C0FED300CAFA95 /* taskCollection */ = {
			isa = PBXGroup;
			children = (
				299EE35629BC9E0D00DD3583 /* TaskCellCollection.xib */,
				299EE35229BC9CC900DD3583 /* TaskCellCollection.swift */,
				295EECB32B49E1FE00D89D1A /* TaskCellCollection+Style.swift */,
			);
			path = taskCollection;
			sourceTree = "<group>";
		};
		299EF2E529C0FEE000CAFA95 /* alert */ = {
			isa = PBXGroup;
			children = (
				299EF2EA29C0FFBF00CAFA95 /* AlertViewController.swift */,
				299EF2EB29C0FFBF00CAFA95 /* AlertViewController.xib */,
			);
			path = alert;
			sourceTree = "<group>";
		};
		29A9600429C3A54500AEF86D /* events */ = {
			isa = PBXGroup;
			children = (
				293CAF6929A6632700D75D48 /* Events.swift */,
				292501CC29C27E79000C5DC7 /* EventCreator.swift */,
			);
			path = events;
			sourceTree = "<group>";
		};
		29A9600529C3A55200AEF86D /* tasks */ = {
			isa = PBXGroup;
			children = (
				293CAF9C29A8243D00D75D48 /* Tasks.swift */,
				292501CE29C27FCD000C5DC7 /* TaskCreator.swift */,
			);
			path = tasks;
			sourceTree = "<group>";
		};
		29A9600E29C3A87E00AEF86D /* taskAlert */ = {
			isa = PBXGroup;
			children = (
				29A9600F29C3A89D00AEF86D /* TaskAlert.swift */,
				29FBA3FA29C48E30005A0EAC /* TaskAlert.xib */,
			);
			path = taskAlert;
			sourceTree = "<group>";
		};
/* End PBXGroup section */

/* Begin PBXNativeTarget section */
		297E7137299FABF00053E32E /* DzienWydzialu-iOS */ = {
			isa = PBXNativeTarget;
			buildConfigurationList = 297E714C299FABF10053E32E /* Build configuration list for PBXNativeTarget "DzienWydzialu-iOS" */;
			buildPhases = (
				297E7134299FABF00053E32E /* Sources */,
				297E7135299FABF00053E32E /* Frameworks */,
				297E7136299FABF00053E32E /* Resources */,
			);
			buildRules = (
			);
			dependencies = (
			);
			name = "DzienWydzialu-iOS";
			packageProductDependencies = (
				291DA15629A552910087E1D8 /* FirebaseAnalytics */,
				291DA15829A552910087E1D8 /* FirebaseAnalyticsOnDeviceConversion */,
				291DA15A29A552910087E1D8 /* FirebaseAnalyticsSwift */,
				291DA15C29A552910087E1D8 /* FirebaseAnalyticsWithoutAdIdSupport */,
				291DA15E29A552910087E1D8 /* FirebaseAppCheck */,
				291DA16029A552910087E1D8 /* FirebaseAppDistribution-Beta */,
				291DA16229A552910087E1D8 /* FirebaseAuth */,
				291DA16429A552910087E1D8 /* FirebaseAuthCombine-Community */,
				291DA16629A552910087E1D8 /* FirebaseCrashlytics */,
				291DA16829A552910087E1D8 /* FirebaseDatabase */,
				291DA16A29A552910087E1D8 /* FirebaseDatabaseSwift */,
				291DA16C29A552910087E1D8 /* FirebaseDynamicLinks */,
				291DA16E29A552910087E1D8 /* FirebaseFirestore */,
				291DA17029A552910087E1D8 /* FirebaseFirestoreCombine-Community */,
				291DA17229A552910087E1D8 /* FirebaseFirestoreSwift */,
				291DA17429A552910087E1D8 /* FirebaseFunctions */,
				291DA17629A552910087E1D8 /* FirebaseFunctionsCombine-Community */,
				291DA17829A552910087E1D8 /* FirebaseInAppMessaging-Beta */,
				291DA17A29A552910087E1D8 /* FirebaseInAppMessagingSwift-Beta */,
				291DA17C29A552910087E1D8 /* FirebaseInstallations */,
				291DA17E29A552910087E1D8 /* FirebaseMLModelDownloader */,
				291DA18029A552910087E1D8 /* FirebaseMessaging */,
				291DA18229A552910087E1D8 /* FirebasePerformance */,
				291DA18429A552910087E1D8 /* FirebaseRemoteConfig */,
				291DA18629A552910087E1D8 /* FirebaseRemoteConfigSwift */,
				291DA18829A552910087E1D8 /* FirebaseStorage */,
				291DA18A29A552910087E1D8 /* FirebaseStorageCombine-Community */,
			);
			productName = "DzienWydzialu-iOS";
			productReference = 297E7138299FABF00053E32E /* DzienWydzialu-iOS.app */;
			productType = "com.apple.product-type.application";
		};
/* End PBXNativeTarget section */

/* Begin PBXProject section */
		297E7130299FABF00053E32E /* Project object */ = {
			isa = PBXProject;
			attributes = {
				BuildIndependentTargetsInParallel = 1;
				LastSwiftUpdateCheck = 1420;
				LastUpgradeCheck = 1420;
				TargetAttributes = {
					297E7137299FABF00053E32E = {
						CreatedOnToolsVersion = 14.2;
					};
				};
			};
			buildConfigurationList = 297E7133299FABF00053E32E /* Build configuration list for PBXProject "DzienWydzialu-iOS" */;
			compatibilityVersion = "Xcode 14.0";
			developmentRegion = en;
			hasScannedForEncodings = 0;
			knownRegions = (
				en,
				Base,
			);
			mainGroup = 297E712F299FABF00053E32E;
			packageReferences = (
				291DA15529A552910087E1D8 /* XCRemoteSwiftPackageReference "firebase-ios-sdk" */,
			);
			productRefGroup = 297E7139299FABF00053E32E /* Products */;
			projectDirPath = "";
			projectRoot = "";
			targets = (
				297E7137299FABF00053E32E /* DzienWydzialu-iOS */,
			);
		};
/* End PBXProject section */

/* Begin PBXResourcesBuildPhase section */
		297E7136299FABF00053E32E /* Resources */ = {
			isa = PBXResourcesBuildPhase;
			buildActionMask = 2147483647;
			files = (
				293CAF9729A81A8900D75D48 /* Montserrat-SemiBoldItalic.ttf in Resources */,
				293CAF9229A81A8900D75D48 /* Montserrat-Regular.ttf in Resources */,
				297E7148299FABF10053E32E /* LaunchScreen.storyboard in Resources */,
				299EE35729BC9E0D00DD3583 /* TaskCellCollection.xib in Resources */,
				293CAF9129A81A8900D75D48 /* Montserrat-Medium.ttf in Resources */,
				293CAF9329A81A8900D75D48 /* Montserrat-BoldItalic.ttf in Resources */,
				293CAF8B29A81A8900D75D48 /* Montserrat-Thin.ttf in Resources */,
				293CAF8929A81A8300D75D48 /* Montserrat-Black.ttf in Resources */,
				293CAF8A29A81A8900D75D48 /* Montserrat-MediumItalic.ttf in Resources */,
				293CAF9B29A81A8900D75D48 /* Montserrat-LightItalic.ttf in Resources */,
				293CAF9929A81A8900D75D48 /* Montserrat-VariableFont_wght.ttf in Resources */,
				299EF2ED29C0FFBF00CAFA95 /* AlertViewController.xib in Resources */,
				29FBA3FB29C48E30005A0EAC /* TaskAlert.xib in Resources */,
				29BE35042B7AC29F00A43F05 /* GoogleService-Info.plist in Resources */,
				293CAF8C29A81A8900D75D48 /* Montserrat-ExtraBold.ttf in Resources */,
				293CAF8D29A81A8900D75D48 /* Montserrat-ExtraLight.ttf in Resources */,
				29257A2B29A10D6D00FD5C3A /* Assets.xcassets in Resources */,
				293CAF6429A6567900D75D48 /* EventCell.xib in Resources */,
				293CAF8F29A81A8900D75D48 /* Montserrat-BlackItalic.ttf in Resources */,
				293CAF8E29A81A8900D75D48 /* Montserrat-ExtraBoldItalic.ttf in Resources */,
				293CAF9629A81A8900D75D48 /* Montserrat-SemiBold.ttf in Resources */,
				293CAF9829A81A8900D75D48 /* Montserrat-ThinItalic.ttf in Resources */,
				293CAF7029A7FC4500D75D48 /* TaskCell.xib in Resources */,
				293CAF9429A81A8900D75D48 /* Montserrat-Italic.ttf in Resources */,
				293CAF9A29A81A8900D75D48 /* Montserrat-Bold.ttf in Resources */,
				293CAF9529A81A8900D75D48 /* Montserrat-Light.ttf in Resources */,
				297E7143299FABF00053E32E /* Main.storyboard in Resources */,
				293CAF9029A81A8900D75D48 /* Montserrat-ExtraLightItalic.ttf in Resources */,
			);
			runOnlyForDeploymentPostprocessing = 0;
		};
/* End PBXResourcesBuildPhase section */

/* Begin PBXSourcesBuildPhase section */
		297E7134299FABF00053E32E /* Sources */ = {
			isa = PBXSourcesBuildPhase;
			buildActionMask = 2147483647;
			files = (
				297E7140299FABF00053E32E /* HomeViewController.swift in Sources */,
				295EECB22B49DF0600D89D1A /* CellsStyles.swift in Sources */,
				29A9601129C3A89D00AEF86D /* TaskAlert.swift in Sources */,
				291D371029A5219B00577E78 /* EventsViewController.swift in Sources */,
				295EECB42B49E1FE00D89D1A /* TaskCellCollection+Style.swift in Sources */,
				291DA18D29A56DE00087E1D8 /* TasksViewController.swift in Sources */,
				292501CF29C27FCD000C5DC7 /* TaskCreator.swift in Sources */,
				2979DB0F2B6EB1F100D9948F /* StrokeGradientButton.swift in Sources */,
				297E713C299FABF00053E32E /* AppDelegate.swift in Sources */,
				297007F22B699A8700F240B7 /* ZoomImageView.swift in Sources */,
				293CAF7229A7FC5000D75D48 /* TaskCell.swift in Sources */,
				293CAF6A29A6632700D75D48 /* Events.swift in Sources */,
				299EE35329BC9CC900DD3583 /* TaskCellCollection.swift in Sources */,
				29FDF72C29BFB699003D84E6 /* GradientButton.swift in Sources */,
				293CAF9D29A8243D00D75D48 /* Tasks.swift in Sources */,
				297C39E729AE062700C62979 /* QrViewController.swift in Sources */,
				292501CD29C27E79000C5DC7 /* EventCreator.swift in Sources */,
				295EECB62B49E28E00D89D1A /* TaskCell+Style.swift in Sources */,
				295EECB82B49E30200D89D1A /* EventCell+Style.swift in Sources */,
				293CAF6C29A666F200D75D48 /* Constants.swift in Sources */,
				293CAF6829A6617B00D75D48 /* EventCell.swift in Sources */,
				297E713E299FABF00053E32E /* SceneDelegate.swift in Sources */,
				299EF2EC29C0FFBF00CAFA95 /* AlertViewController.swift in Sources */,
				293CAF6E29A6731E00D75D48 /* InfoViewController.swift in Sources */,
			);
			runOnlyForDeploymentPostprocessing = 0;
		};
/* End PBXSourcesBuildPhase section */

/* Begin PBXVariantGroup section */
		297E7141299FABF00053E32E /* Main.storyboard */ = {
			isa = PBXVariantGroup;
			children = (
				297E7142299FABF00053E32E /* Base */,
			);
			name = Main.storyboard;
			sourceTree = "<group>";
		};
		297E7146299FABF10053E32E /* LaunchScreen.storyboard */ = {
			isa = PBXVariantGroup;
			children = (
				297E7147299FABF10053E32E /* Base */,
			);
			name = LaunchScreen.storyboard;
			sourceTree = "<group>";
		};
/* End PBXVariantGroup section */

/* Begin XCBuildConfiguration section */
		297E714A299FABF10053E32E /* Debug */ = {
			isa = XCBuildConfiguration;
			buildSettings = {
				ALWAYS_SEARCH_USER_PATHS = NO;
				CLANG_ANALYZER_NONNULL = YES;
				CLANG_ANALYZER_NUMBER_OBJECT_CONVERSION = YES_AGGRESSIVE;
				CLANG_CXX_LANGUAGE_STANDARD = "gnu++20";
				CLANG_ENABLE_MODULES = YES;
				CLANG_ENABLE_OBJC_ARC = YES;
				CLANG_ENABLE_OBJC_WEAK = YES;
				CLANG_WARN_BLOCK_CAPTURE_AUTORELEASING = YES;
				CLANG_WARN_BOOL_CONVERSION = YES;
				CLANG_WARN_COMMA = YES;
				CLANG_WARN_CONSTANT_CONVERSION = YES;
				CLANG_WARN_DEPRECATED_OBJC_IMPLEMENTATIONS = YES;
				CLANG_WARN_DIRECT_OBJC_ISA_USAGE = YES_ERROR;
				CLANG_WARN_DOCUMENTATION_COMMENTS = YES;
				CLANG_WARN_EMPTY_BODY = YES;
				CLANG_WARN_ENUM_CONVERSION = YES;
				CLANG_WARN_INFINITE_RECURSION = YES;
				CLANG_WARN_INT_CONVERSION = YES;
				CLANG_WARN_NON_LITERAL_NULL_CONVERSION = YES;
				CLANG_WARN_OBJC_IMPLICIT_RETAIN_SELF = YES;
				CLANG_WARN_OBJC_LITERAL_CONVERSION = YES;
				CLANG_WARN_OBJC_ROOT_CLASS = YES_ERROR;
				CLANG_WARN_QUOTED_INCLUDE_IN_FRAMEWORK_HEADER = YES;
				CLANG_WARN_RANGE_LOOP_ANALYSIS = YES;
				CLANG_WARN_STRICT_PROTOTYPES = YES;
				CLANG_WARN_SUSPICIOUS_MOVE = YES;
				CLANG_WARN_UNGUARDED_AVAILABILITY = YES_AGGRESSIVE;
				CLANG_WARN_UNREACHABLE_CODE = YES;
				CLANG_WARN__DUPLICATE_METHOD_MATCH = YES;
				COPY_PHASE_STRIP = NO;
				DEBUG_INFORMATION_FORMAT = dwarf;
				ENABLE_STRICT_OBJC_MSGSEND = YES;
				ENABLE_TESTABILITY = YES;
				GCC_C_LANGUAGE_STANDARD = gnu11;
				GCC_DYNAMIC_NO_PIC = NO;
				GCC_NO_COMMON_BLOCKS = YES;
				GCC_OPTIMIZATION_LEVEL = 0;
				GCC_PREPROCESSOR_DEFINITIONS = (
					"DEBUG=1",
					"$(inherited)",
				);
				GCC_WARN_64_TO_32_BIT_CONVERSION = YES;
				GCC_WARN_ABOUT_RETURN_TYPE = YES_ERROR;
				GCC_WARN_UNDECLARED_SELECTOR = YES;
				GCC_WARN_UNINITIALIZED_AUTOS = YES_AGGRESSIVE;
				GCC_WARN_UNUSED_FUNCTION = YES;
				GCC_WARN_UNUSED_VARIABLE = YES;
				IPHONEOS_DEPLOYMENT_TARGET = 16.0;
				MTL_ENABLE_DEBUG_INFO = INCLUDE_SOURCE;
				MTL_FAST_MATH = YES;
				ONLY_ACTIVE_ARCH = YES;
				SDKROOT = iphoneos;
				SWIFT_ACTIVE_COMPILATION_CONDITIONS = DEBUG;
				SWIFT_OPTIMIZATION_LEVEL = "-Onone";
			};
			name = Debug;
		};
		297E714B299FABF10053E32E /* Release */ = {
			isa = XCBuildConfiguration;
			buildSettings = {
				ALWAYS_SEARCH_USER_PATHS = NO;
				CLANG_ANALYZER_NONNULL = YES;
				CLANG_ANALYZER_NUMBER_OBJECT_CONVERSION = YES_AGGRESSIVE;
				CLANG_CXX_LANGUAGE_STANDARD = "gnu++20";
				CLANG_ENABLE_MODULES = YES;
				CLANG_ENABLE_OBJC_ARC = YES;
				CLANG_ENABLE_OBJC_WEAK = YES;
				CLANG_WARN_BLOCK_CAPTURE_AUTORELEASING = YES;
				CLANG_WARN_BOOL_CONVERSION = YES;
				CLANG_WARN_COMMA = YES;
				CLANG_WARN_CONSTANT_CONVERSION = YES;
				CLANG_WARN_DEPRECATED_OBJC_IMPLEMENTATIONS = YES;
				CLANG_WARN_DIRECT_OBJC_ISA_USAGE = YES_ERROR;
				CLANG_WARN_DOCUMENTATION_COMMENTS = YES;
				CLANG_WARN_EMPTY_BODY = YES;
				CLANG_WARN_ENUM_CONVERSION = YES;
				CLANG_WARN_INFINITE_RECURSION = YES;
				CLANG_WARN_INT_CONVERSION = YES;
				CLANG_WARN_NON_LITERAL_NULL_CONVERSION = YES;
				CLANG_WARN_OBJC_IMPLICIT_RETAIN_SELF = YES;
				CLANG_WARN_OBJC_LITERAL_CONVERSION = YES;
				CLANG_WARN_OBJC_ROOT_CLASS = YES_ERROR;
				CLANG_WARN_QUOTED_INCLUDE_IN_FRAMEWORK_HEADER = YES;
				CLANG_WARN_RANGE_LOOP_ANALYSIS = YES;
				CLANG_WARN_STRICT_PROTOTYPES = YES;
				CLANG_WARN_SUSPICIOUS_MOVE = YES;
				CLANG_WARN_UNGUARDED_AVAILABILITY = YES_AGGRESSIVE;
				CLANG_WARN_UNREACHABLE_CODE = YES;
				CLANG_WARN__DUPLICATE_METHOD_MATCH = YES;
				COPY_PHASE_STRIP = NO;
				DEBUG_INFORMATION_FORMAT = "dwarf-with-dsym";
				ENABLE_NS_ASSERTIONS = NO;
				ENABLE_STRICT_OBJC_MSGSEND = YES;
				GCC_C_LANGUAGE_STANDARD = gnu11;
				GCC_NO_COMMON_BLOCKS = YES;
				GCC_WARN_64_TO_32_BIT_CONVERSION = YES;
				GCC_WARN_ABOUT_RETURN_TYPE = YES_ERROR;
				GCC_WARN_UNDECLARED_SELECTOR = YES;
				GCC_WARN_UNINITIALIZED_AUTOS = YES_AGGRESSIVE;
				GCC_WARN_UNUSED_FUNCTION = YES;
				GCC_WARN_UNUSED_VARIABLE = YES;
				IPHONEOS_DEPLOYMENT_TARGET = 16.0;
				MTL_ENABLE_DEBUG_INFO = NO;
				MTL_FAST_MATH = YES;
				SDKROOT = iphoneos;
				SWIFT_COMPILATION_MODE = wholemodule;
				SWIFT_OPTIMIZATION_LEVEL = "-O";
				VALIDATE_PRODUCT = YES;
			};
			name = Release;
		};
		297E714D299FABF10053E32E /* Debug */ = {
			isa = XCBuildConfiguration;
			buildSettings = {
				ASSETCATALOG_COMPILER_APPICON_NAME = AppIcon;
				ASSETCATALOG_COMPILER_GLOBAL_ACCENT_COLOR_NAME = AccentColor;
				CODE_SIGN_STYLE = Automatic;
				CURRENT_PROJECT_VERSION = 1;
				DEVELOPMENT_TEAM = 9HK4TRLPGW;
				GENERATE_INFOPLIST_FILE = YES;
				INFOPLIST_FILE = "DzienWydzialu-iOS/Info.plist";
				INFOPLIST_KEY_NSCameraUsageDescription = "It will be used to scan qr codes";
				INFOPLIST_KEY_UIApplicationSupportsIndirectInputEvents = YES;
				INFOPLIST_KEY_UILaunchStoryboardName = LaunchScreen.storyboard;
				INFOPLIST_KEY_UIMainStoryboardFile = Main;
				INFOPLIST_KEY_UIStatusBarStyle = UIStatusBarStyleLightContent;
				INFOPLIST_KEY_UISupportedInterfaceOrientations_iPad = UIInterfaceOrientationPortrait;
				INFOPLIST_KEY_UISupportedInterfaceOrientations_iPhone = UIInterfaceOrientationPortrait;
				LD_RUNPATH_SEARCH_PATHS = (
					"$(inherited)",
					"@executable_path/Frameworks",
				);
				MARKETING_VERSION = 1.0;
				PRODUCT_BUNDLE_IDENTIFIER = "bartek.chadrys.DzienWydzialu-iOS";
				PRODUCT_NAME = "$(TARGET_NAME)";
				SUPPORTED_PLATFORMS = "iphoneos iphonesimulator";
				SUPPORTS_MACCATALYST = NO;
				SUPPORTS_MAC_DESIGNED_FOR_IPHONE_IPAD = NO;
				SWIFT_EMIT_LOC_STRINGS = YES;
				SWIFT_VERSION = 5.0;
				TARGETED_DEVICE_FAMILY = 1;
			};
			name = Debug;
		};
		297E714E299FABF10053E32E /* Release */ = {
			isa = XCBuildConfiguration;
			buildSettings = {
				ASSETCATALOG_COMPILER_APPICON_NAME = AppIcon;
				ASSETCATALOG_COMPILER_GLOBAL_ACCENT_COLOR_NAME = AccentColor;
				CODE_SIGN_STYLE = Automatic;
				CURRENT_PROJECT_VERSION = 1;
				DEVELOPMENT_TEAM = 9HK4TRLPGW;
				GENERATE_INFOPLIST_FILE = YES;
				INFOPLIST_FILE = "DzienWydzialu-iOS/Info.plist";
				INFOPLIST_KEY_NSCameraUsageDescription = "It will be used to scan qr codes";
				INFOPLIST_KEY_UIApplicationSupportsIndirectInputEvents = YES;
				INFOPLIST_KEY_UILaunchStoryboardName = LaunchScreen.storyboard;
				INFOPLIST_KEY_UIMainStoryboardFile = Main;
				INFOPLIST_KEY_UIStatusBarStyle = UIStatusBarStyleLightContent;
				INFOPLIST_KEY_UISupportedInterfaceOrientations_iPad = UIInterfaceOrientationPortrait;
				INFOPLIST_KEY_UISupportedInterfaceOrientations_iPhone = UIInterfaceOrientationPortrait;
				LD_RUNPATH_SEARCH_PATHS = (
					"$(inherited)",
					"@executable_path/Frameworks",
				);
				MARKETING_VERSION = 1.0;
				PRODUCT_BUNDLE_IDENTIFIER = "bartek.chadrys.DzienWydzialu-iOS";
				PRODUCT_NAME = "$(TARGET_NAME)";
				SUPPORTED_PLATFORMS = "iphoneos iphonesimulator";
				SUPPORTS_MACCATALYST = NO;
				SUPPORTS_MAC_DESIGNED_FOR_IPHONE_IPAD = NO;
				SWIFT_EMIT_LOC_STRINGS = YES;
				SWIFT_VERSION = 5.0;
				TARGETED_DEVICE_FAMILY = 1;
			};
			name = Release;
		};
/* End XCBuildConfiguration section */

/* Begin XCConfigurationList section */
		297E7133299FABF00053E32E /* Build configuration list for PBXProject "DzienWydzialu-iOS" */ = {
			isa = XCConfigurationList;
			buildConfigurations = (
				297E714A299FABF10053E32E /* Debug */,
				297E714B299FABF10053E32E /* Release */,
			);
			defaultConfigurationIsVisible = 0;
			defaultConfigurationName = Release;
		};
		297E714C299FABF10053E32E /* Build configuration list for PBXNativeTarget "DzienWydzialu-iOS" */ = {
			isa = XCConfigurationList;
			buildConfigurations = (
				297E714D299FABF10053E32E /* Debug */,
				297E714E299FABF10053E32E /* Release */,
			);
			defaultConfigurationIsVisible = 0;
			defaultConfigurationName = Release;
		};
/* End XCConfigurationList section */

/* Begin XCRemoteSwiftPackageReference section */
		291DA15529A552910087E1D8 /* XCRemoteSwiftPackageReference "firebase-ios-sdk" */ = {
			isa = XCRemoteSwiftPackageReference;
			repositoryURL = "https://github.com/firebase/firebase-ios-sdk";
			requirement = {
				kind = upToNextMajorVersion;
				minimumVersion = 9.0.0;
			};
		};
/* End XCRemoteSwiftPackageReference section */

/* Begin XCSwiftPackageProductDependency section */
		291DA15629A552910087E1D8 /* FirebaseAnalytics */ = {
			isa = XCSwiftPackageProductDependency;
			package = 291DA15529A552910087E1D8 /* XCRemoteSwiftPackageReference "firebase-ios-sdk" */;
			productName = FirebaseAnalytics;
		};
		291DA15829A552910087E1D8 /* FirebaseAnalyticsOnDeviceConversion */ = {
			isa = XCSwiftPackageProductDependency;
			package = 291DA15529A552910087E1D8 /* XCRemoteSwiftPackageReference "firebase-ios-sdk" */;
			productName = FirebaseAnalyticsOnDeviceConversion;
		};
		291DA15A29A552910087E1D8 /* FirebaseAnalyticsSwift */ = {
			isa = XCSwiftPackageProductDependency;
			package = 291DA15529A552910087E1D8 /* XCRemoteSwiftPackageReference "firebase-ios-sdk" */;
			productName = FirebaseAnalyticsSwift;
		};
		291DA15C29A552910087E1D8 /* FirebaseAnalyticsWithoutAdIdSupport */ = {
			isa = XCSwiftPackageProductDependency;
			package = 291DA15529A552910087E1D8 /* XCRemoteSwiftPackageReference "firebase-ios-sdk" */;
			productName = FirebaseAnalyticsWithoutAdIdSupport;
		};
		291DA15E29A552910087E1D8 /* FirebaseAppCheck */ = {
			isa = XCSwiftPackageProductDependency;
			package = 291DA15529A552910087E1D8 /* XCRemoteSwiftPackageReference "firebase-ios-sdk" */;
			productName = FirebaseAppCheck;
		};
		291DA16029A552910087E1D8 /* FirebaseAppDistribution-Beta */ = {
			isa = XCSwiftPackageProductDependency;
			package = 291DA15529A552910087E1D8 /* XCRemoteSwiftPackageReference "firebase-ios-sdk" */;
			productName = "FirebaseAppDistribution-Beta";
		};
		291DA16229A552910087E1D8 /* FirebaseAuth */ = {
			isa = XCSwiftPackageProductDependency;
			package = 291DA15529A552910087E1D8 /* XCRemoteSwiftPackageReference "firebase-ios-sdk" */;
			productName = FirebaseAuth;
		};
		291DA16429A552910087E1D8 /* FirebaseAuthCombine-Community */ = {
			isa = XCSwiftPackageProductDependency;
			package = 291DA15529A552910087E1D8 /* XCRemoteSwiftPackageReference "firebase-ios-sdk" */;
			productName = "FirebaseAuthCombine-Community";
		};
		291DA16629A552910087E1D8 /* FirebaseCrashlytics */ = {
			isa = XCSwiftPackageProductDependency;
			package = 291DA15529A552910087E1D8 /* XCRemoteSwiftPackageReference "firebase-ios-sdk" */;
			productName = FirebaseCrashlytics;
		};
		291DA16829A552910087E1D8 /* FirebaseDatabase */ = {
			isa = XCSwiftPackageProductDependency;
			package = 291DA15529A552910087E1D8 /* XCRemoteSwiftPackageReference "firebase-ios-sdk" */;
			productName = FirebaseDatabase;
		};
		291DA16A29A552910087E1D8 /* FirebaseDatabaseSwift */ = {
			isa = XCSwiftPackageProductDependency;
			package = 291DA15529A552910087E1D8 /* XCRemoteSwiftPackageReference "firebase-ios-sdk" */;
			productName = FirebaseDatabaseSwift;
		};
		291DA16C29A552910087E1D8 /* FirebaseDynamicLinks */ = {
			isa = XCSwiftPackageProductDependency;
			package = 291DA15529A552910087E1D8 /* XCRemoteSwiftPackageReference "firebase-ios-sdk" */;
			productName = FirebaseDynamicLinks;
		};
		291DA16E29A552910087E1D8 /* FirebaseFirestore */ = {
			isa = XCSwiftPackageProductDependency;
			package = 291DA15529A552910087E1D8 /* XCRemoteSwiftPackageReference "firebase-ios-sdk" */;
			productName = FirebaseFirestore;
		};
		291DA17029A552910087E1D8 /* FirebaseFirestoreCombine-Community */ = {
			isa = XCSwiftPackageProductDependency;
			package = 291DA15529A552910087E1D8 /* XCRemoteSwiftPackageReference "firebase-ios-sdk" */;
			productName = "FirebaseFirestoreCombine-Community";
		};
		291DA17229A552910087E1D8 /* FirebaseFirestoreSwift */ = {
			isa = XCSwiftPackageProductDependency;
			package = 291DA15529A552910087E1D8 /* XCRemoteSwiftPackageReference "firebase-ios-sdk" */;
			productName = FirebaseFirestoreSwift;
		};
		291DA17429A552910087E1D8 /* FirebaseFunctions */ = {
			isa = XCSwiftPackageProductDependency;
			package = 291DA15529A552910087E1D8 /* XCRemoteSwiftPackageReference "firebase-ios-sdk" */;
			productName = FirebaseFunctions;
		};
		291DA17629A552910087E1D8 /* FirebaseFunctionsCombine-Community */ = {
			isa = XCSwiftPackageProductDependency;
			package = 291DA15529A552910087E1D8 /* XCRemoteSwiftPackageReference "firebase-ios-sdk" */;
			productName = "FirebaseFunctionsCombine-Community";
		};
		291DA17829A552910087E1D8 /* FirebaseInAppMessaging-Beta */ = {
			isa = XCSwiftPackageProductDependency;
			package = 291DA15529A552910087E1D8 /* XCRemoteSwiftPackageReference "firebase-ios-sdk" */;
			productName = "FirebaseInAppMessaging-Beta";
		};
		291DA17A29A552910087E1D8 /* FirebaseInAppMessagingSwift-Beta */ = {
			isa = XCSwiftPackageProductDependency;
			package = 291DA15529A552910087E1D8 /* XCRemoteSwiftPackageReference "firebase-ios-sdk" */;
			productName = "FirebaseInAppMessagingSwift-Beta";
		};
		291DA17C29A552910087E1D8 /* FirebaseInstallations */ = {
			isa = XCSwiftPackageProductDependency;
			package = 291DA15529A552910087E1D8 /* XCRemoteSwiftPackageReference "firebase-ios-sdk" */;
			productName = FirebaseInstallations;
		};
		291DA17E29A552910087E1D8 /* FirebaseMLModelDownloader */ = {
			isa = XCSwiftPackageProductDependency;
			package = 291DA15529A552910087E1D8 /* XCRemoteSwiftPackageReference "firebase-ios-sdk" */;
			productName = FirebaseMLModelDownloader;
		};
		291DA18029A552910087E1D8 /* FirebaseMessaging */ = {
			isa = XCSwiftPackageProductDependency;
			package = 291DA15529A552910087E1D8 /* XCRemoteSwiftPackageReference "firebase-ios-sdk" */;
			productName = FirebaseMessaging;
		};
		291DA18229A552910087E1D8 /* FirebasePerformance */ = {
			isa = XCSwiftPackageProductDependency;
			package = 291DA15529A552910087E1D8 /* XCRemoteSwiftPackageReference "firebase-ios-sdk" */;
			productName = FirebasePerformance;
		};
		291DA18429A552910087E1D8 /* FirebaseRemoteConfig */ = {
			isa = XCSwiftPackageProductDependency;
			package = 291DA15529A552910087E1D8 /* XCRemoteSwiftPackageReference "firebase-ios-sdk" */;
			productName = FirebaseRemoteConfig;
		};
		291DA18629A552910087E1D8 /* FirebaseRemoteConfigSwift */ = {
			isa = XCSwiftPackageProductDependency;
			package = 291DA15529A552910087E1D8 /* XCRemoteSwiftPackageReference "firebase-ios-sdk" */;
			productName = FirebaseRemoteConfigSwift;
		};
		291DA18829A552910087E1D8 /* FirebaseStorage */ = {
			isa = XCSwiftPackageProductDependency;
			package = 291DA15529A552910087E1D8 /* XCRemoteSwiftPackageReference "firebase-ios-sdk" */;
			productName = FirebaseStorage;
		};
		291DA18A29A552910087E1D8 /* FirebaseStorageCombine-Community */ = {
			isa = XCSwiftPackageProductDependency;
			package = 291DA15529A552910087E1D8 /* XCRemoteSwiftPackageReference "firebase-ios-sdk" */;
			productName = "FirebaseStorageCombine-Community";
		};
/* End XCSwiftPackageProductDependency section */
	};
	rootObject = 297E7130299FABF00053E32E /* Project object */;
}
